
Microsoft Visual Studio Solution File, Format Version 12.00
# Visual Studio Version 16
VisualStudioVersion = 16.0.32002.261
MinimumVisualStudioVersion = 10.0.40219.1
Project("{FAE04EC0-301F-11D3-BF4B-00C04F79EFBC}") = "Combobox1", "Combobox1.csproj", "{DBC32C19-F92E-4A29-8556-9F18A0825DFC}"
EndProject
Global
	GlobalSection(SolutionConfigurationPlatforms) = preSolution
		Debug|Any CPU = Debug|Any CPU
		Release|Any CPU = Release|Any CPU
	EndGlobalSection
	GlobalSection(ProjectConfigurationPlatforms) = postSolution
		{DBC32C19-F92E-4A29-8556-9F18A0825DFC}.Debug|Any CPU.ActiveCfg = Debug|Any CPU
		{DBC32C19-F92E-4A29-8556-9F18A0825DFC}.Debug|Any CPU.Build.0 = Debug|Any CPU
		{DBC32C19-F92E-4A29-8556-9F18A0825DFC}.Release|Any CPU.ActiveCfg = Release|Any CPU
		{DBC32C19-F92E-4A29-8556-9F18A0825DFC}.Release|Any CPU.Build.0 = Release|Any CPU
	EndGlobalSection
	GlobalSection(SolutionProperties) = preSolution
		HideSolutionNode = FALSE
	EndGlobalSection
	GlobalSection(ExtensibilityGlobals) = postSolution
		SolutionGuid = {4FDA4B0D-AA6E-4AD9-AEE3-9B82D613CFCE}
	EndGlobalSection
EndGlobal
