
Microsoft Visual Studio Solution File, Format Version 12.00
# Visual Studio Version 16
VisualStudioVersion = 16.0.32002.261
MinimumVisualStudioVersion = 10.0.40219.1
Project("{FAE04EC0-301F-11D3-BF4B-00C04F79EFBC}") = "MARCELO1105", "MARCELO1105.csproj", "{FBBB0276-F804-4F01-8FFF-6A8440C92892}"
EndProject
Global
	GlobalSection(SolutionConfigurationPlatforms) = preSolution
		Debug|Any CPU = Debug|Any CPU
		Release|Any CPU = Release|Any CPU
	EndGlobalSection
	GlobalSection(ProjectConfigurationPlatforms) = postSolution
		{FBBB0276-F804-4F01-8FFF-6A8440C92892}.Debug|Any CPU.ActiveCfg = Debug|Any CPU
		{FBBB0276-F804-4F01-8FFF-6A8440C92892}.Debug|Any CPU.Build.0 = Debug|Any CPU
		{FBBB0276-F804-4F01-8FFF-6A8440C92892}.Release|Any CPU.ActiveCfg = Release|Any CPU
		{FBBB0276-F804-4F01-8FFF-6A8440C92892}.Release|Any CPU.Build.0 = Release|Any CPU
	EndGlobalSection
	GlobalSection(SolutionProperties) = preSolution
		HideSolutionNode = FALSE
	EndGlobalSection
	GlobalSection(ExtensibilityGlobals) = postSolution
		SolutionGuid = {7848ED47-877F-4EC1-93D8-298E087999BC}
	EndGlobalSection
EndGlobal
