
Microsoft Visual Studio Solution File, Format Version 12.00
# Visual Studio Version 16
VisualStudioVersion = 16.0.32002.261
MinimumVisualStudioVersion = 10.0.40219.1
Project("{FAE04EC0-301F-11D3-BF4B-00C04F79EFBC}") = "aula1", "aula1\aula1.csproj", "{E5C7C396-AD1F-4945-90FF-427325C3CA0B}"
EndProject
Global
	GlobalSection(SolutionConfigurationPlatforms) = preSolution
		Debug|Any CPU = Debug|Any CPU
		Release|Any CPU = Release|Any CPU
	EndGlobalSection
	GlobalSection(ProjectConfigurationPlatforms) = postSolution
		{E5C7C396-AD1F-4945-90FF-427325C3CA0B}.Debug|Any CPU.ActiveCfg = Debug|Any CPU
		{E5C7C396-AD1F-4945-90FF-427325C3CA0B}.Debug|Any CPU.Build.0 = Debug|Any CPU
		{E5C7C396-AD1F-4945-90FF-427325C3CA0B}.Release|Any CPU.ActiveCfg = Release|Any CPU
		{E5C7C396-AD1F-4945-90FF-427325C3CA0B}.Release|Any CPU.Build.0 = Release|Any CPU
	EndGlobalSection
	GlobalSection(SolutionProperties) = preSolution
		HideSolutionNode = FALSE
	EndGlobalSection
	GlobalSection(ExtensibilityGlobals) = postSolution
		SolutionGuid = {8D0B5018-6F1F-40AB-870A-7EEA8807CE23}
	EndGlobalSection
EndGlobal
